// !$*UTF8*$!
{
	archiveVersion = 1;
	classes = {
	};
	objectVersion = 77;
	objects = {

/* Begin PBXBuildFile section */
		38D6403C2E10C35000275B1D /* Inter_24pt-Bold.ttf in Resources */ = {isa = PBXBuildFile; fileRef = 38D640352E10C35000275B1D /* Inter_24pt-Bold.ttf */; };
		38D6403D2E10C35000275B1D /* Inter_24pt-Medium.ttf in Resources */ = {isa = PBXBuildFile; fileRef = 38D640362E10C35000275B1D /* Inter_24pt-Medium.ttf */; };
		38D6403E2E10C35000275B1D /* Inter_24pt-Regular.ttf in Resources */ = {isa = PBXBuildFile; fileRef = 38D640372E10C35000275B1D /* Inter_24pt-Regular.ttf */; };
		38D6403F2E10C35000275B1D /* Inter_24pt-SemiBold.ttf in Resources */ = {isa = PBXBuildFile; fileRef = 38D640382E10C35000275B1D /* Inter_24pt-SemiBold.ttf */; };
		38D640432E10C4AE00275B1D /* Thunder-BoldLC.ttf in Resources */ = {isa = PBXBuildFile; fileRef = 38D640422E10C4AE00275B1D /* Thunder-BoldLC.ttf */; };
/* End PBXBuildFile section */

/* Begin PBXContainerItemProxy section */
		38370DFA2E0B7F8500A00E78 /* PBXContainerItemProxy */ = {
			isa = PBXContainerItemProxy;
			containerPortal = 38370DE42E0B7F8400A00E78 /* Project object */;
			proxyType = 1;
			remoteGlobalIDString = 38370DEB2E0B7F8400A00E78;
			remoteInfo = "Habit Tracking";
		};
		38370E042E0B7F8500A00E78 /* PBXContainerItemProxy */ = {
			isa = PBXContainerItemProxy;
			containerPortal = 38370DE42E0B7F8400A00E78 /* Project object */;
			proxyType = 1;
			remoteGlobalIDString = 38370DEB2E0B7F8400A00E78;
			remoteInfo = "Habit Tracking";
		};
/* End PBXContainerItemProxy section */

/* Begin PBXFileReference section */
		38370DEC2E0B7F8400A00E78 /* Habit Tracking.app */ = {isa = PBXFileReference; explicitFileType = wrapper.application; includeInIndex = 0; path = "Habit Tracking.app"; sourceTree = BUILT_PRODUCTS_DIR; };
		38370DF92E0B7F8500A00E78 /* Habit TrackingTests.xctest */ = {isa = PBXFileReference; explicitFileType = wrapper.cfbundle; includeInIndex = 0; path = "Habit TrackingTests.xctest"; sourceTree = BUILT_PRODUCTS_DIR; };
		38370E032E0B7F8500A00E78 /* Habit TrackingUITests.xctest */ = {isa = PBXFileReference; explicitFileType = wrapper.cfbundle; includeInIndex = 0; path = "Habit TrackingUITests.xctest"; sourceTree = BUILT_PRODUCTS_DIR; };
		38D640352E10C35000275B1D /* Inter_24pt-Bold.ttf */ = {isa = PBXFileReference; lastKnownFileType = file; path = "Inter_24pt-Bold.ttf"; sourceTree = "<group>"; };
		38D640362E10C35000275B1D /* Inter_24pt-Medium.ttf */ = {isa = PBXFileReference; lastKnownFileType = file; path = "Inter_24pt-Medium.ttf"; sourceTree = "<group>"; };
		38D640372E10C35000275B1D /* Inter_24pt-Regular.ttf */ = {isa = PBXFileReference; lastKnownFileType = file; path = "Inter_24pt-Regular.ttf"; sourceTree = "<group>"; };
		38D640382E10C35000275B1D /* Inter_24pt-SemiBold.ttf */ = {isa = PBXFileReference; lastKnownFileType = file; path = "Inter_24pt-SemiBold.ttf"; sourceTree = "<group>"; };
		38D640422E10C4AE00275B1D /* Thunder-BoldLC.ttf */ = {isa = PBXFileReference; lastKnownFileType = file; path = "Thunder-BoldLC.ttf"; sourceTree = "<group>"; };
/* End PBXFileReference section */

/* Begin PBXFileSystemSynchronizedBuildFileExceptionSet section */
		387D79532E0DB3C700042594 /* Exceptions for "Habit Tracking" folder in "Habit Tracking" target */ = {
			isa = PBXFileSystemSynchronizedBuildFileExceptionSet;
			membershipExceptions = (
				Info.plist,
			);
			target = 38370DEB2E0B7F8400A00E78 /* Habit Tracking */;
		};
/* End PBXFileSystemSynchronizedBuildFileExceptionSet section */

/* Begin PBXFileSystemSynchronizedRootGroup section */
		38370DEE2E0B7F8400A00E78 /* Habit Tracking */ = {
			isa = PBXFileSystemSynchronizedRootGroup;
			exceptions = (
				387D79532E0DB3C700042594 /* Exceptions for "Habit Tracking" folder in "Habit Tracking" target */,
			);
			path = "Habit Tracking";
			sourceTree = "<group>";
		};
		38370DFC2E0B7F8500A00E78 /* Habit TrackingTests */ = {
			isa = PBXFileSystemSynchronizedRootGroup;
			path = "Habit TrackingTests";
			sourceTree = "<group>";
		};
		38370E062E0B7F8500A00E78 /* Habit TrackingUITests */ = {
			isa = PBXFileSystemSynchronizedRootGroup;
			path = "Habit TrackingUITests";
			sourceTree = "<group>";
		};
/* End PBXFileSystemSynchronizedRootGroup section */

/* Begin PBXFrameworksBuildPhase section */
		38370DE92E0B7F8400A00E78 /* Frameworks */ = {
			isa = PBXFrameworksBuildPhase;
			buildActionMask = 2147483647;
			files = (
			);
			runOnlyForDeploymentPostprocessing = 0;
		};
		38370DF62E0B7F8500A00E78 /* Frameworks */ = {
			isa = PBXFrameworksBuildPhase;
			buildActionMask = 2147483647;
			files = (
			);
			runOnlyForDeploymentPostprocessing = 0;
		};
		38370E002E0B7F8500A00E78 /* Frameworks */ = {
			isa = PBXFrameworksBuildPhase;
			buildActionMask = 2147483647;
			files = (
			);
			runOnlyForDeploymentPostprocessing = 0;
		};
/* End PBXFrameworksBuildPhase section */

/* Begin PBXGroup section */
		38370DE32E0B7F8400A00E78 = {
			isa = PBXGroup;
			children = (
				38D6403B2E10C35000275B1D /* Fonts */,
				38370DEE2E0B7F8400A00E78 /* Habit Tracking */,
				38370DFC2E0B7F8500A00E78 /* Habit TrackingTests */,
				38370E062E0B7F8500A00E78 /* Habit TrackingUITests */,
				38370DED2E0B7F8400A00E78 /* Products */,
			);
			sourceTree = "<group>";
		};
		38370DED2E0B7F8400A00E78 /* Products */ = {
			isa = PBXGroup;
			children = (
				38370DEC2E0B7F8400A00E78 /* Habit Tracking.app */,
				38370DF92E0B7F8500A00E78 /* Habit TrackingTests.xctest */,
				38370E032E0B7F8500A00E78 /* Habit TrackingUITests.xctest */,
			);
			name = Products;
			sourceTree = "<group>";
		};
		38D6403B2E10C35000275B1D /* Fonts */ = {
			isa = PBXGroup;
			children = (
				38D640422E10C4AE00275B1D /* Thunder-BoldLC.ttf */,
				38D640352E10C35000275B1D /* Inter_24pt-Bold.ttf */,
				38D640362E10C35000275B1D /* Inter_24pt-Medium.ttf */,
				38D640372E10C35000275B1D /* Inter_24pt-Regular.ttf */,
				38D640382E10C35000275B1D /* Inter_24pt-SemiBold.ttf */,
			);
			path = Fonts;
			sourceTree = "<group>";
		};
/* End PBXGroup section */

/* Begin PBXNativeTarget section */
		38370DEB2E0B7F8400A00E78 /* Habit Tracking */ = {
			isa = PBXNativeTarget;
			buildConfigurationList = 38370E0D2E0B7F8500A00E78 /* Build configuration list for PBXNativeTarget "Habit Tracking" */;
			buildPhases = (
				38370DE82E0B7F8400A00E78 /* Sources */,
				38370DE92E0B7F8400A00E78 /* Frameworks */,
				38370DEA2E0B7F8400A00E78 /* Resources */,
			);
			buildRules = (
			);
			dependencies = (
			);
			fileSystemSynchronizedGroups = (
				38370DEE2E0B7F8400A00E78 /* Habit Tracking */,
			);
			name = "Habit Tracking";
			packageProductDependencies = (
			);
			productName = "Habit Tracking";
			productReference = 38370DEC2E0B7F8400A00E78 /* Habit Tracking.app */;
			productType = "com.apple.product-type.application";
		};
		38370DF82E0B7F8500A00E78 /* Habit TrackingTests */ = {
			isa = PBXNativeTarget;
			buildConfigurationList = 38370E102E0B7F8500A00E78 /* Build configuration list for PBXNativeTarget "Habit TrackingTests" */;
			buildPhases = (
				38370DF52E0B7F8500A00E78 /* Sources */,
				38370DF62E0B7F8500A00E78 /* Frameworks */,
				38370DF72E0B7F8500A00E78 /* Resources */,
			);
			buildRules = (
			);
			dependencies = (
				38370DFB2E0B7F8500A00E78 /* PBXTargetDependency */,
			);
			fileSystemSynchronizedGroups = (
				38370DFC2E0B7F8500A00E78 /* Habit TrackingTests */,
			);
			name = "Habit TrackingTests";
			packageProductDependencies = (
			);
			productName = "Habit TrackingTests";
			productReference = 38370DF92E0B7F8500A00E78 /* Habit TrackingTests.xctest */;
			productType = "com.apple.product-type.bundle.unit-test";
		};
		38370E022E0B7F8500A00E78 /* Habit TrackingUITests */ = {
			isa = PBXNativeTarget;
			buildConfigurationList = 38370E132E0B7F8500A00E78 /* Build configuration list for PBXNativeTarget "Habit TrackingUITests" */;
			buildPhases = (
				38370DFF2E0B7F8500A00E78 /* Sources */,
				38370E002E0B7F8500A00E78 /* Frameworks */,
				38370E012E0B7F8500A00E78 /* Resources */,
			);
			buildRules = (
			);
			dependencies = (
				38370E052E0B7F8500A00E78 /* PBXTargetDependency */,
			);
			fileSystemSynchronizedGroups = (
				38370E062E0B7F8500A00E78 /* Habit TrackingUITests */,
			);
			name = "Habit TrackingUITests";
			packageProductDependencies = (
			);
			productName = "Habit TrackingUITests";
			productReference = 38370E032E0B7F8500A00E78 /* Habit TrackingUITests.xctest */;
			productType = "com.apple.product-type.bundle.ui-testing";
		};
/* End PBXNativeTarget section */

/* Begin PBXProject section */
		38370DE42E0B7F8400A00E78 /* Project object */ = {
			isa = PBXProject;
			attributes = {
				BuildIndependentTargetsInParallel = 1;
				LastSwiftUpdateCheck = 1630;
				LastUpgradeCheck = 1630;
				TargetAttributes = {
					38370DEB2E0B7F8400A00E78 = {
						CreatedOnToolsVersion = 16.3;
					};
					38370DF82E0B7F8500A00E78 = {
						CreatedOnToolsVersion = 16.3;
						TestTargetID = 38370DEB2E0B7F8400A00E78;
					};
					38370E022E0B7F8500A00E78 = {
						CreatedOnToolsVersion = 16.3;
						TestTargetID = 38370DEB2E0B7F8400A00E78;
					};
				};
			};
			buildConfigurationList = 38370DE72E0B7F8400A00E78 /* Build configuration list for PBXProject "Habit Tracking" */;
			developmentRegion = en;
			hasScannedForEncodings = 0;
			knownRegions = (
				en,
				Base,
			);
			mainGroup = 38370DE32E0B7F8400A00E78;
			minimizedProjectReferenceProxies = 1;
			preferredProjectObjectVersion = 77;
			productRefGroup = 38370DED2E0B7F8400A00E78 /* Products */;
			projectDirPath = "";
			projectRoot = "";
			targets = (
				38370DEB2E0B7F8400A00E78 /* Habit Tracking */,
				38370DF82E0B7F8500A00E78 /* Habit TrackingTests */,
				38370E022E0B7F8500A00E78 /* Habit TrackingUITests */,
			);
		};
/* End PBXProject section */

/* Begin PBXResourcesBuildPhase section */
		38370DEA2E0B7F8400A00E78 /* Resources */ = {
			isa = PBXResourcesBuildPhase;
			buildActionMask = 2147483647;
			files = (
				38D6403C2E10C35000275B1D /* Inter_24pt-Bold.ttf in Resources */,
				38D640432E10C4AE00275B1D /* Thunder-BoldLC.ttf in Resources */,
				38D6403D2E10C35000275B1D /* Inter_24pt-Medium.ttf in Resources */,
				38D6403E2E10C35000275B1D /* Inter_24pt-Regular.ttf in Resources */,
				38D6403F2E10C35000275B1D /* Inter_24pt-SemiBold.ttf in Resources */,
			);
			runOnlyForDeploymentPostprocessing = 0;
		};
		38370DF72E0B7F8500A00E78 /* Resources */ = {
			isa = PBXResourcesBuildPhase;
			buildActionMask = 2147483647;
			files = (
			);
			runOnlyForDeploymentPostprocessing = 0;
		};
		38370E012E0B7F8500A00E78 /* Resources */ = {
			isa = PBXResourcesBuildPhase;
			buildActionMask = 2147483647;
			files = (
			);
			runOnlyForDeploymentPostprocessing = 0;
		};
/* End PBXResourcesBuildPhase section */

/* Begin PBXSourcesBuildPhase section */
		38370DE82E0B7F8400A00E78 /* Sources */ = {
			isa = PBXSourcesBuildPhase;
			buildActionMask = 2147483647;
			files = (
			);
			runOnlyForDeploymentPostprocessing = 0;
		};
		38370DF52E0B7F8500A00E78 /* Sources */ = {
			isa = PBXSourcesBuildPhase;
			buildActionMask = 2147483647;
			files = (
			);
			runOnlyForDeploymentPostprocessing = 0;
		};
		38370DFF2E0B7F8500A00E78 /* Sources */ = {
			isa = PBXSourcesBuildPhase;
			buildActionMask = 2147483647;
			files = (
			);
			runOnlyForDeploymentPostprocessing = 0;
		};
/* End PBXSourcesBuildPhase section */

/* Begin PBXTargetDependency section */
		38370DFB2E0B7F8500A00E78 /* PBXTargetDependency */ = {
			isa = PBXTargetDependency;
			target = 38370DEB2E0B7F8400A00E78 /* Habit Tracking */;
			targetProxy = 38370DFA2E0B7F8500A00E78 /* PBXContainerItemProxy */;
		};
		38370E052E0B7F8500A00E78 /* PBXTargetDependency */ = {
			isa = PBXTargetDependency;
			target = 38370DEB2E0B7F8400A00E78 /* Habit Tracking */;
			targetProxy = 38370E042E0B7F8500A00E78 /* PBXContainerItemProxy */;
		};
/* End PBXTargetDependency section */

/* Begin XCBuildConfiguration section */
		38370E0B2E0B7F8500A00E78 /* Debug */ = {
			isa = XCBuildConfiguration;
			buildSettings = {
				ALWAYS_SEARCH_USER_PATHS = NO;
				ASSETCATALOG_COMPILER_GENERATE_SWIFT_ASSET_SYMBOL_EXTENSIONS = YES;
				CLANG_ANALYZER_NONNULL = YES;
				CLANG_ANALYZER_NUMBER_OBJECT_CONVERSION = YES_AGGRESSIVE;
				CLANG_CXX_LANGUAGE_STANDARD = "gnu++20";
				CLANG_ENABLE_MODULES = YES;
				CLANG_ENABLE_OBJC_ARC = YES;
				CLANG_ENABLE_OBJC_WEAK = YES;
				CLANG_WARN_BLOCK_CAPTURE_AUTORELEASING = YES;
				CLANG_WARN_BOOL_CONVERSION = YES;
				CLANG_WARN_COMMA = YES;
				CLANG_WARN_CONSTANT_CONVERSION = YES;
				CLANG_WARN_DEPRECATED_OBJC_IMPLEMENTATIONS = YES;
				CLANG_WARN_DIRECT_OBJC_ISA_USAGE = YES_ERROR;
				CLANG_WARN_DOCUMENTATION_COMMENTS = YES;
				CLANG_WARN_EMPTY_BODY = YES;
				CLANG_WARN_ENUM_CONVERSION = YES;
				CLANG_WARN_INFINITE_RECURSION = YES;
				CLANG_WARN_INT_CONVERSION = YES;
				CLANG_WARN_NON_LITERAL_NULL_CONVERSION = YES;
				CLANG_WARN_OBJC_IMPLICIT_RETAIN_SELF = YES;
				CLANG_WARN_OBJC_LITERAL_CONVERSION = YES;
				CLANG_WARN_OBJC_ROOT_CLASS = YES_ERROR;
				CLANG_WARN_QUOTED_INCLUDE_IN_FRAMEWORK_HEADER = YES;
				CLANG_WARN_RANGE_LOOP_ANALYSIS = YES;
				CLANG_WARN_STRICT_PROTOTYPES = YES;
				CLANG_WARN_SUSPICIOUS_MOVE = YES;
				CLANG_WARN_UNGUARDED_AVAILABILITY = YES_AGGRESSIVE;
				CLANG_WARN_UNREACHABLE_CODE = YES;
				CLANG_WARN__DUPLICATE_METHOD_MATCH = YES;
				COPY_PHASE_STRIP = NO;
				DEBUG_INFORMATION_FORMAT = dwarf;
				DEVELOPMENT_TEAM = 3D489PMD22;
				ENABLE_STRICT_OBJC_MSGSEND = YES;
				ENABLE_TESTABILITY = YES;
				ENABLE_USER_SCRIPT_SANDBOXING = YES;
				GCC_C_LANGUAGE_STANDARD = gnu17;
				GCC_DYNAMIC_NO_PIC = NO;
				GCC_NO_COMMON_BLOCKS = YES;
				GCC_OPTIMIZATION_LEVEL = 0;
				GCC_PREPROCESSOR_DEFINITIONS = (
					"DEBUG=1",
					"$(inherited)",
				);
				GCC_WARN_64_TO_32_BIT_CONVERSION = YES;
				GCC_WARN_ABOUT_RETURN_TYPE = YES_ERROR;
				GCC_WARN_UNDECLARED_SELECTOR = YES;
				GCC_WARN_UNINITIALIZED_AUTOS = YES_AGGRESSIVE;
				GCC_WARN_UNUSED_FUNCTION = YES;
				GCC_WARN_UNUSED_VARIABLE = YES;
				IPHONEOS_DEPLOYMENT_TARGET = 18.4;
				LOCALIZATION_PREFERS_STRING_CATALOGS = YES;
				MTL_ENABLE_DEBUG_INFO = INCLUDE_SOURCE;
				MTL_FAST_MATH = YES;
				ONLY_ACTIVE_ARCH = YES;
				SDKROOT = iphoneos;
				SWIFT_ACTIVE_COMPILATION_CONDITIONS = "DEBUG $(inherited)";
				SWIFT_OPTIMIZATION_LEVEL = "-Onone";
			};
			name = Debug;
		};
		38370E0C2E0B7F8500A00E78 /* Release */ = {
			isa = XCBuildConfiguration;
			buildSettings = {
				ALWAYS_SEARCH_USER_PATHS = NO;
				ASSETCATALOG_COMPILER_GENERATE_SWIFT_ASSET_SYMBOL_EXTENSIONS = YES;
				CLANG_ANALYZER_NONNULL = YES;
				CLANG_ANALYZER_NUMBER_OBJECT_CONVERSION = YES_AGGRESSIVE;
				CLANG_CXX_LANGUAGE_STANDARD = "gnu++20";
				CLANG_ENABLE_MODULES = YES;
				CLANG_ENABLE_OBJC_ARC = YES;
				CLANG_ENABLE_OBJC_WEAK = YES;
				CLANG_WARN_BLOCK_CAPTURE_AUTORELEASING = YES;
				CLANG_WARN_BOOL_CONVERSION = YES;
				CLANG_WARN_COMMA = YES;
				CLANG_WARN_CONSTANT_CONVERSION = YES;
				CLANG_WARN_DEPRECATED_OBJC_IMPLEMENTATIONS = YES;
				CLANG_WARN_DIRECT_OBJC_ISA_USAGE = YES_ERROR;
				CLANG_WARN_DOCUMENTATION_COMMENTS = YES;
				CLANG_WARN_EMPTY_BODY = YES;
				CLANG_WARN_ENUM_CONVERSION = YES;
				CLANG_WARN_INFINITE_RECURSION = YES;
				CLANG_WARN_INT_CONVERSION = YES;
				CLANG_WARN_NON_LITERAL_NULL_CONVERSION = YES;
				CLANG_WARN_OBJC_IMPLICIT_RETAIN_SELF = YES;
				CLANG_WARN_OBJC_LITERAL_CONVERSION = YES;
				CLANG_WARN_OBJC_ROOT_CLASS = YES_ERROR;
				CLANG_WARN_QUOTED_INCLUDE_IN_FRAMEWORK_HEADER = YES;
				CLANG_WARN_RANGE_LOOP_ANALYSIS = YES;
				CLANG_WARN_STRICT_PROTOTYPES = YES;
				CLANG_WARN_SUSPICIOUS_MOVE = YES;
				CLANG_WARN_UNGUARDED_AVAILABILITY = YES_AGGRESSIVE;
				CLANG_WARN_UNREACHABLE_CODE = YES;
				CLANG_WARN__DUPLICATE_METHOD_MATCH = YES;
				COPY_PHASE_STRIP = NO;
				DEBUG_INFORMATION_FORMAT = "dwarf-with-dsym";
				DEVELOPMENT_TEAM = 3D489PMD22;
				ENABLE_NS_ASSERTIONS = NO;
				ENABLE_STRICT_OBJC_MSGSEND = YES;
				ENABLE_USER_SCRIPT_SANDBOXING = YES;
				GCC_C_LANGUAGE_STANDARD = gnu17;
				GCC_NO_COMMON_BLOCKS = YES;
				GCC_WARN_64_TO_32_BIT_CONVERSION = YES;
				GCC_WARN_ABOUT_RETURN_TYPE = YES_ERROR;
				GCC_WARN_UNDECLARED_SELECTOR = YES;
				GCC_WARN_UNINITIALIZED_AUTOS = YES_AGGRESSIVE;
				GCC_WARN_UNUSED_FUNCTION = YES;
				GCC_WARN_UNUSED_VARIABLE = YES;
				IPHONEOS_DEPLOYMENT_TARGET = 18.4;
				LOCALIZATION_PREFERS_STRING_CATALOGS = YES;
				MTL_ENABLE_DEBUG_INFO = NO;
				MTL_FAST_MATH = YES;
				SDKROOT = iphoneos;
				SWIFT_COMPILATION_MODE = wholemodule;
				VALIDATE_PRODUCT = YES;
			};
			name = Release;
		};
		38370E0E2E0B7F8500A00E78 /* Debug */ = {
			isa = XCBuildConfiguration;
			buildSettings = {
				ASSETCATALOG_COMPILER_APPICON_NAME = AppIcon;
				ASSETCATALOG_COMPILER_GLOBAL_ACCENT_COLOR_NAME = AccentColor;
				CODE_SIGN_STYLE = Automatic;
				CURRENT_PROJECT_VERSION = 1;
				DEVELOPMENT_TEAM = 2HQ9392354;
				ENABLE_PREVIEWS = YES;
				GENERATE_INFOPLIST_FILE = NO;
				INFOPLIST_FILE = "Habit Tracking/Info.plist";
				INFOPLIST_KEY_UIApplicationSceneManifest_Generation = YES;
				INFOPLIST_KEY_UIApplicationSupportsIndirectInputEvents = YES;
				INFOPLIST_KEY_UILaunchScreen_Generation = YES;
				INFOPLIST_KEY_UISupportedInterfaceOrientations_iPad = "UIInterfaceOrientationPortrait UIInterfaceOrientationPortraitUpsideDown UIInterfaceOrientationLandscapeLeft UIInterfaceOrientationLandscapeRight";
				INFOPLIST_KEY_UISupportedInterfaceOrientations_iPhone = "UIInterfaceOrientationPortrait UIInterfaceOrientationLandscapeLeft UIInterfaceOrientationLandscapeRight";
				LD_RUNPATH_SEARCH_PATHS = (
					"$(inherited)",
					"@executable_path/Frameworks",
				);
				MARKETING_VERSION = 1.0;
				PRODUCT_BUNDLE_IDENTIFIER = "Habit-Tracking.Habit-Tracking";
				PRODUCT_NAME = "$(TARGET_NAME)";
				SWIFT_EMIT_LOC_STRINGS = YES;
				SWIFT_VERSION = 5.0;
				TARGETED_DEVICE_FAMILY = "1,2";
			};
			name = Debug;
		};
		38370E0F2E0B7F8500A00E78 /* Release */ = {
			isa = XCBuildConfiguration;
			buildSettings = {
				ASSETCATALOG_COMPILER_APPICON_NAME = AppIcon;
				ASSETCATALOG_COMPILER_GLOBAL_ACCENT_COLOR_NAME = AccentColor;
				CODE_SIGN_STYLE = Automatic;
				CURRENT_PROJECT_VERSION = 1;
				DEVELOPMENT_TEAM = 2HQ9392354;
				ENABLE_PREVIEWS = YES;
				GENERATE_INFOPLIST_FILE = NO;
				INFOPLIST_FILE = "Habit Tracking/Info.plist";
				INFOPLIST_KEY_UIApplicationSceneManifest_Generation = YES;
				INFOPLIST_KEY_UIApplicationSupportsIndirectInputEvents = YES;
				INFOPLIST_KEY_UILaunchScreen_Generation = YES;
				INFOPLIST_KEY_UISupportedInterfaceOrientations_iPad = "UIInterfaceOrientationPortrait UIInterfaceOrientationPortraitUpsideDown UIInterfaceOrientationLandscapeLeft UIInterfaceOrientationLandscapeRight";
				INFOPLIST_KEY_UISupportedInterfaceOrientations_iPhone = "UIInterfaceOrientationPortrait UIInterfaceOrientationLandscapeLeft UIInterfaceOrientationLandscapeRight";
				LD_RUNPATH_SEARCH_PATHS = (
					"$(inherited)",
					"@executable_path/Frameworks",
				);
				MARKETING_VERSION = 1.0;
				PRODUCT_BUNDLE_IDENTIFIER = "Habit-Tracking.Habit-Tracking";
				PRODUCT_NAME = "$(TARGET_NAME)";
				SWIFT_EMIT_LOC_STRINGS = YES;
				SWIFT_VERSION = 5.0;
				TARGETED_DEVICE_FAMILY = "1,2";
			};
			name = Release;
		};
		38370E112E0B7F8500A00E78 /* Debug */ = {
			isa = XCBuildConfiguration;
			buildSettings = {
				BUNDLE_LOADER = "$(TEST_HOST)";
				CODE_SIGN_STYLE = Automatic;
				CURRENT_PROJECT_VERSION = 1;
				DEVELOPMENT_TEAM = 3D489PMD22;
				GENERATE_INFOPLIST_FILE = YES;
				IPHONEOS_DEPLOYMENT_TARGET = 18.4;
				MARKETING_VERSION = 1.0;
				PRODUCT_BUNDLE_IDENTIFIER = "Habit-Tracking.Habit-TrackingTests";
				PRODUCT_NAME = "$(TARGET_NAME)";
				SWIFT_EMIT_LOC_STRINGS = NO;
				SWIFT_VERSION = 5.0;
				TARGETED_DEVICE_FAMILY = "1,2";
				TEST_HOST = "$(BUILT_PRODUCTS_DIR)/Habit Tracking.app/$(BUNDLE_EXECUTABLE_FOLDER_PATH)/Habit Tracking";
			};
			name = Debug;
		};
		38370E122E0B7F8500A00E78 /* Release */ = {
			isa = XCBuildConfiguration;
			buildSettings = {
				BUNDLE_LOADER = "$(TEST_HOST)";
				CODE_SIGN_STYLE = Automatic;
				CURRENT_PROJECT_VERSION = 1;
				DEVELOPMENT_TEAM = 3D489PMD22;
				GENERATE_INFOPLIST_FILE = YES;
				IPHONEOS_DEPLOYMENT_TARGET = 18.4;
				MARKETING_VERSION = 1.0;
				PRODUCT_BUNDLE_IDENTIFIER = "Habit-Tracking.Habit-TrackingTests";
				PRODUCT_NAME = "$(TARGET_NAME)";
				SWIFT_EMIT_LOC_STRINGS = NO;
				SWIFT_VERSION = 5.0;
				TARGETED_DEVICE_FAMILY = "1,2";
				TEST_HOST = "$(BUILT_PRODUCTS_DIR)/Habit Tracking.app/$(BUNDLE_EXECUTABLE_FOLDER_PATH)/Habit Tracking";
			};
			name = Release;
		};
		38370E142E0B7F8500A00E78 /* Debug */ = {
			isa = XCBuildConfiguration;
			buildSettings = {
				CODE_SIGN_STYLE = Automatic;
				CURRENT_PROJECT_VERSION = 1;
				DEVELOPMENT_TEAM = 3D489PMD22;
				GENERATE_INFOPLIST_FILE = YES;
				MARKETING_VERSION = 1.0;
				PRODUCT_BUNDLE_IDENTIFIER = "Habit-Tracking.Habit-TrackingUITests";
				PRODUCT_NAME = "$(TARGET_NAME)";
				SWIFT_EMIT_LOC_STRINGS = NO;
				SWIFT_VERSION = 5.0;
				TARGETED_DEVICE_FAMILY = "1,2";
				TEST_TARGET_NAME = "Habit Tracking";
			};
			name = Debug;
		};
		38370E152E0B7F8500A00E78 /* Release */ = {
			isa = XCBuildConfiguration;
			buildSettings = {
				CODE_SIGN_STYLE = Automatic;
				CURRENT_PROJECT_VERSION = 1;
				DEVELOPMENT_TEAM = 3D489PMD22;
				GENERATE_INFOPLIST_FILE = YES;
				MARKETING_VERSION = 1.0;
				PRODUCT_BUNDLE_IDENTIFIER = "Habit-Tracking.Habit-TrackingUITests";
				PRODUCT_NAME = "$(TARGET_NAME)";
				SWIFT_EMIT_LOC_STRINGS = NO;
				SWIFT_VERSION = 5.0;
				TARGETED_DEVICE_FAMILY = "1,2";
				TEST_TARGET_NAME = "Habit Tracking";
			};
			name = Release;
		};
/* End XCBuildConfiguration section */

/* Begin XCConfigurationList section */
		38370DE72E0B7F8400A00E78 /* Build configuration list for PBXProject "Habit Tracking" */ = {
			isa = XCConfigurationList;
			buildConfigurations = (
				38370E0B2E0B7F8500A00E78 /* Debug */,
				38370E0C2E0B7F8500A00E78 /* Release */,
			);
			defaultConfigurationIsVisible = 0;
			defaultConfigurationName = Release;
		};
		38370E0D2E0B7F8500A00E78 /* Build configuration list for PBXNativeTarget "Habit Tracking" */ = {
			isa = XCConfigurationList;
			buildConfigurations = (
				38370E0E2E0B7F8500A00E78 /* Debug */,
				38370E0F2E0B7F8500A00E78 /* Release */,
			);
			defaultConfigurationIsVisible = 0;
			defaultConfigurationName = Release;
		};
		38370E102E0B7F8500A00E78 /* Build configuration list for PBXNativeTarget "Habit TrackingTests" */ = {
			isa = XCConfigurationList;
			buildConfigurations = (
				38370E112E0B7F8500A00E78 /* Debug */,
				38370E122E0B7F8500A00E78 /* Release */,
			);
			defaultConfigurationIsVisible = 0;
			defaultConfigurationName = Release;
		};
		38370E132E0B7F8500A00E78 /* Build configuration list for PBXNativeTarget "Habit TrackingUITests" */ = {
			isa = XCConfigurationList;
			buildConfigurations = (
				38370E142E0B7F8500A00E78 /* Debug */,
				38370E152E0B7F8500A00E78 /* Release */,
			);
			defaultConfigurationIsVisible = 0;
			defaultConfigurationName = Release;
		};
/* End XCConfigurationList section */
	};
	rootObject = 38370DE42E0B7F8400A00E78 /* Project object */;
}
